
Microsoft Visual Studio Solution File, Format Version 12.00
# Visual Studio Version 16
VisualStudioVersion = 16.0.32602.291
MinimumVisualStudioVersion = 10.0.40219.1
Project("{9A19103F-16F7-4668-BE54-9A1E7A4F7556}") = "Medulla.Documentation.Client", "Documentation\Client\Medulla.Documentation.Client.csproj", "{9EF36DBB-5778-4D42-A5A1-F072BA9B6579}"
EndProject
Project("{9A19103F-16F7-4668-BE54-9A1E7A4F7556}") = "Medulla.Documentation.Server", "Documentation\Server\Medulla.Documentation.Server.csproj", "{BE4785DE-7387-4E50-8EBF-9F47B88E69A8}"
EndProject
Project("{9A19103F-16F7-4668-BE54-9A1E7A4F7556}") = "Medulla.Presentation.Assets", "Presentation\Assets\Medulla.Presentation.Assets.csproj", "{D0FD1D90-4ACF-4FF8-AB0B-AE379B070A69}"
EndProject
Project("{2150E333-8FDC-42A3-9474-1A3956D46DE8}") = "Documentation", "Documentation", "{8457ECE5-1285-43BB-8864-83863F65C064}"
EndProject
Project("{2150E333-8FDC-42A3-9474-1A3956D46DE8}") = "Presentation", "Presentation", "{421E8D73-A1B8-4D9D-9868-045DDF5BBD57}"
EndProject
Project("{9A19103F-16F7-4668-BE54-9A1E7A4F7556}") = "Medulla.Shell.Server", "Shell\Server\Medulla.Shell.Server.csproj", "{684054EF-5272-44B6-929E-6B72B81DE00F}"
EndProject
Project("{9A19103F-16F7-4668-BE54-9A1E7A4F7556}") = "Medulla.Shell.Client", "Shell\Client\Medulla.Shell.Client.csproj", "{93942F5B-76AF-4E5D-8B34-07217FB4AFBE}"
EndProject
Project("{2150E333-8FDC-42A3-9474-1A3956D46DE8}") = "Shell", "Shell", "{02D01352-BCEB-4764-A39E-965D75FCCE1F}"
EndProject
Project("{2150E333-8FDC-42A3-9474-1A3956D46DE8}") = "Tye", "Tye", "{6A9E255A-3500-43FE-8EB8-C7778CF5551E}"
	ProjectSection(SolutionItems) = preProject
		tye.yaml = tye.yaml
	EndProjectSection
EndProject
Project("{9A19103F-16F7-4668-BE54-9A1E7A4F7556}") = "Medulla.Identity.Server", "Identity\Server\Medulla.Identity.Server.csproj", "{9E496632-495A-4D09-BD25-BBCE6CAED4A1}"
EndProject
Project("{2150E333-8FDC-42A3-9474-1A3956D46DE8}") = "Identity", "Identity", "{F297D403-0BD6-4214-90FE-AA3684EBAE0C}"
EndProject
Project("{FAE04EC0-301F-11D3-BF4B-00C04F79EFBC}") = "Medulla.Editor.Client", "Editor\Client\Medulla.Editor.Client.csproj", "{8FE20926-13BC-4F6A-9659-FE27AB14D0B0}"
EndProject
Project("{2150E333-8FDC-42A3-9474-1A3956D46DE8}") = "Editor", "Editor", "{F2319A8C-1966-4A6F-B82C-9F3BAE82E23B}"
EndProject
Project("{2150E333-8FDC-42A3-9474-1A3956D46DE8}") = "AppRenderer", "AppRenderer", "{F5084BEE-BEF9-42A1-BD65-B4B9FD5D5434}"
EndProject
Project("{FAE04EC0-301F-11D3-BF4B-00C04F79EFBC}") = "Medulla.AppRenderer.Blazor", "Medulla.AppRenderer.Blazor\Medulla.AppRenderer.Blazor.csproj", "{C7F0D749-EE67-4B17-89CA-FF3F9BF61BB1}"
EndProject
Project("{FAE04EC0-301F-11D3-BF4B-00C04F79EFBC}") = "Medulla.AppRenderer.Core", "Medulla.AppRenderer.Core\Medulla.AppRenderer.Core.csproj", "{401639FB-9B9E-4929-BF21-6FBDB4BD5933}"
EndProject
Project("{FAE04EC0-301F-11D3-BF4B-00C04F79EFBC}") = "Medulla.AppRenderer.Components", "Medulla.AppRenderer.Components\Medulla.AppRenderer.Components.csproj", "{BC743722-BD76-4D8C-87A7-997D187270F3}"
EndProject
Project("{2150E333-8FDC-42A3-9474-1A3956D46DE8}") = "KubeOps", "KubeOps", "{21326846-56A8-44A7-98A9-943B9662E57E}"
EndProject
Project("{2150E333-8FDC-42A3-9474-1A3956D46DE8}") = "MedullaObjects", "MedullaObjects", "{20790A99-6129-4780-96D2-10E9A84B8379}"
EndProject
Project("{FAE04EC0-301F-11D3-BF4B-00C04F79EFBC}") = "MedullaObjects", "MedullaObjects\MedullaObjects.csproj", "{A6CEE9C7-64D9-4E4F-B5C3-B7831167EB85}"
EndProject
Project("{FAE04EC0-301F-11D3-BF4B-00C04F79EFBC}") = "Operator", "Medulla\Kubernetes\Operator\Operator.csproj", "{D8E6E8D3-80B0-40A9-BBC4-4A64A2501301}"
EndProject
Project("{FAE04EC0-301F-11D3-BF4B-00C04F79EFBC}") = "Medulla.Shell.WebApp", "Shell\Medulla.Shell.WebApp\Medulla.Shell.WebApp.csproj", "{F95D2949-5961-4EAD-92C2-510F84D09C7D}"
EndProject
Project("{2150E333-8FDC-42A3-9474-1A3956D46DE8}") = "TestProjects", "TestProjects", "{69D6DA5E-7F24-4ED2-B588-0C2A4550DC79}"
EndProject
Project("{FAE04EC0-301F-11D3-BF4B-00C04F79EFBC}") = "TestProject", "TestProject\TestProject.csproj", "{BFC4950E-178F-4BAB-A16A-B7BFE0A0A303}"
EndProject
Project("{FAE04EC0-301F-11D3-BF4B-00C04F79EFBC}") = "Medulla.AppRenderer.Core.UnitTests", "Medulla.AppRenderer.Core.UnitTests\Medulla.AppRenderer.Core.UnitTests.csproj", "{9F12CA08-73F8-417F-BD52-3ED86837EC0C}"
EndProject
Project("{2150E333-8FDC-42A3-9474-1A3956D46DE8}") = "Kubernetes", "Kubernetes", "{81CDB4B3-5CB1-42CF-9BE6-B209986800B9}"
EndProject
Project("{FAE04EC0-301F-11D3-BF4B-00C04F79EFBC}") = "MedullaKubernetes", "MedullaKubernetes\MedullaKubernetes.csproj", "{8E180855-0047-41F7-8D4A-F8F8654BDC38}"
EndProject
Project("{FAE04EC0-301F-11D3-BF4B-00C04F79EFBC}") = "DatabaseService", "Medulla\Kubernetes\Database\DatabaseService\DatabaseService.csproj", "{331159E8-4B15-4A42-B0E2-08252DA59E5F}"
EndProject
Global
	GlobalSection(SolutionConfigurationPlatforms) = preSolution
		Debug|Any CPU = Debug|Any CPU
		Release|Any CPU = Release|Any CPU
	EndGlobalSection
	GlobalSection(ProjectConfigurationPlatforms) = postSolution
		{9EF36DBB-5778-4D42-A5A1-F072BA9B6579}.Debug|Any CPU.ActiveCfg = Debug|Any CPU
		{9EF36DBB-5778-4D42-A5A1-F072BA9B6579}.Debug|Any CPU.Build.0 = Debug|Any CPU
		{9EF36DBB-5778-4D42-A5A1-F072BA9B6579}.Release|Any CPU.ActiveCfg = Release|Any CPU
		{9EF36DBB-5778-4D42-A5A1-F072BA9B6579}.Release|Any CPU.Build.0 = Release|Any CPU
		{BE4785DE-7387-4E50-8EBF-9F47B88E69A8}.Debug|Any CPU.ActiveCfg = Debug|Any CPU
		{BE4785DE-7387-4E50-8EBF-9F47B88E69A8}.Debug|Any CPU.Build.0 = Debug|Any CPU
		{BE4785DE-7387-4E50-8EBF-9F47B88E69A8}.Release|Any CPU.ActiveCfg = Release|Any CPU
		{BE4785DE-7387-4E50-8EBF-9F47B88E69A8}.Release|Any CPU.Build.0 = Release|Any CPU
		{D0FD1D90-4ACF-4FF8-AB0B-AE379B070A69}.Debug|Any CPU.ActiveCfg = Debug|Any CPU
		{D0FD1D90-4ACF-4FF8-AB0B-AE379B070A69}.Debug|Any CPU.Build.0 = Debug|Any CPU
		{D0FD1D90-4ACF-4FF8-AB0B-AE379B070A69}.Release|Any CPU.ActiveCfg = Release|Any CPU
		{D0FD1D90-4ACF-4FF8-AB0B-AE379B070A69}.Release|Any CPU.Build.0 = Release|Any CPU
		{684054EF-5272-44B6-929E-6B72B81DE00F}.Debug|Any CPU.ActiveCfg = Debug|Any CPU
		{684054EF-5272-44B6-929E-6B72B81DE00F}.Debug|Any CPU.Build.0 = Debug|Any CPU
		{684054EF-5272-44B6-929E-6B72B81DE00F}.Release|Any CPU.ActiveCfg = Release|Any CPU
		{684054EF-5272-44B6-929E-6B72B81DE00F}.Release|Any CPU.Build.0 = Release|Any CPU
		{93942F5B-76AF-4E5D-8B34-07217FB4AFBE}.Debug|Any CPU.ActiveCfg = Debug|Any CPU
		{93942F5B-76AF-4E5D-8B34-07217FB4AFBE}.Debug|Any CPU.Build.0 = Debug|Any CPU
		{93942F5B-76AF-4E5D-8B34-07217FB4AFBE}.Release|Any CPU.ActiveCfg = Release|Any CPU
		{93942F5B-76AF-4E5D-8B34-07217FB4AFBE}.Release|Any CPU.Build.0 = Release|Any CPU
		{9E496632-495A-4D09-BD25-BBCE6CAED4A1}.Debug|Any CPU.ActiveCfg = Debug|Any CPU
		{9E496632-495A-4D09-BD25-BBCE6CAED4A1}.Debug|Any CPU.Build.0 = Debug|Any CPU
		{9E496632-495A-4D09-BD25-BBCE6CAED4A1}.Release|Any CPU.ActiveCfg = Release|Any CPU
		{9E496632-495A-4D09-BD25-BBCE6CAED4A1}.Release|Any CPU.Build.0 = Release|Any CPU
		{8FE20926-13BC-4F6A-9659-FE27AB14D0B0}.Debug|Any CPU.ActiveCfg = Debug|Any CPU
		{8FE20926-13BC-4F6A-9659-FE27AB14D0B0}.Debug|Any CPU.Build.0 = Debug|Any CPU
		{8FE20926-13BC-4F6A-9659-FE27AB14D0B0}.Release|Any CPU.ActiveCfg = Release|Any CPU
		{8FE20926-13BC-4F6A-9659-FE27AB14D0B0}.Release|Any CPU.Build.0 = Release|Any CPU
		{C7F0D749-EE67-4B17-89CA-FF3F9BF61BB1}.Debug|Any CPU.ActiveCfg = Debug|Any CPU
		{C7F0D749-EE67-4B17-89CA-FF3F9BF61BB1}.Debug|Any CPU.Build.0 = Debug|Any CPU
		{C7F0D749-EE67-4B17-89CA-FF3F9BF61BB1}.Release|Any CPU.ActiveCfg = Release|Any CPU
		{C7F0D749-EE67-4B17-89CA-FF3F9BF61BB1}.Release|Any CPU.Build.0 = Release|Any CPU
		{401639FB-9B9E-4929-BF21-6FBDB4BD5933}.Debug|Any CPU.ActiveCfg = Debug|Any CPU
		{401639FB-9B9E-4929-BF21-6FBDB4BD5933}.Debug|Any CPU.Build.0 = Debug|Any CPU
		{401639FB-9B9E-4929-BF21-6FBDB4BD5933}.Release|Any CPU.ActiveCfg = Release|Any CPU
		{401639FB-9B9E-4929-BF21-6FBDB4BD5933}.Release|Any CPU.Build.0 = Release|Any CPU
		{BC743722-BD76-4D8C-87A7-997D187270F3}.Debug|Any CPU.ActiveCfg = Debug|Any CPU
		{BC743722-BD76-4D8C-87A7-997D187270F3}.Debug|Any CPU.Build.0 = Debug|Any CPU
		{BC743722-BD76-4D8C-87A7-997D187270F3}.Release|Any CPU.ActiveCfg = Release|Any CPU
		{BC743722-BD76-4D8C-87A7-997D187270F3}.Release|Any CPU.Build.0 = Release|Any CPU
		{A6CEE9C7-64D9-4E4F-B5C3-B7831167EB85}.Debug|Any CPU.ActiveCfg = Debug|Any CPU
		{A6CEE9C7-64D9-4E4F-B5C3-B7831167EB85}.Debug|Any CPU.Build.0 = Debug|Any CPU
		{A6CEE9C7-64D9-4E4F-B5C3-B7831167EB85}.Release|Any CPU.ActiveCfg = Release|Any CPU
		{A6CEE9C7-64D9-4E4F-B5C3-B7831167EB85}.Release|Any CPU.Build.0 = Release|Any CPU
		{D8E6E8D3-80B0-40A9-BBC4-4A64A2501301}.Debug|Any CPU.ActiveCfg = Debug|Any CPU
		{D8E6E8D3-80B0-40A9-BBC4-4A64A2501301}.Debug|Any CPU.Build.0 = Debug|Any CPU
		{D8E6E8D3-80B0-40A9-BBC4-4A64A2501301}.Release|Any CPU.ActiveCfg = Release|Any CPU
		{D8E6E8D3-80B0-40A9-BBC4-4A64A2501301}.Release|Any CPU.Build.0 = Release|Any CPU
		{F95D2949-5961-4EAD-92C2-510F84D09C7D}.Debug|Any CPU.ActiveCfg = Debug|Any CPU
		{F95D2949-5961-4EAD-92C2-510F84D09C7D}.Debug|Any CPU.Build.0 = Debug|Any CPU
		{F95D2949-5961-4EAD-92C2-510F84D09C7D}.Release|Any CPU.ActiveCfg = Release|Any CPU
		{F95D2949-5961-4EAD-92C2-510F84D09C7D}.Release|Any CPU.Build.0 = Release|Any CPU
		{BFC4950E-178F-4BAB-A16A-B7BFE0A0A303}.Debug|Any CPU.ActiveCfg = Debug|Any CPU
		{BFC4950E-178F-4BAB-A16A-B7BFE0A0A303}.Debug|Any CPU.Build.0 = Debug|Any CPU
		{BFC4950E-178F-4BAB-A16A-B7BFE0A0A303}.Release|Any CPU.ActiveCfg = Release|Any CPU
		{BFC4950E-178F-4BAB-A16A-B7BFE0A0A303}.Release|Any CPU.Build.0 = Release|Any CPU
		{9F12CA08-73F8-417F-BD52-3ED86837EC0C}.Debug|Any CPU.ActiveCfg = Debug|Any CPU
		{9F12CA08-73F8-417F-BD52-3ED86837EC0C}.Debug|Any CPU.Build.0 = Debug|Any CPU
		{9F12CA08-73F8-417F-BD52-3ED86837EC0C}.Release|Any CPU.ActiveCfg = Release|Any CPU
		{9F12CA08-73F8-417F-BD52-3ED86837EC0C}.Release|Any CPU.Build.0 = Release|Any CPU
		{8E180855-0047-41F7-8D4A-F8F8654BDC38}.Debug|Any CPU.ActiveCfg = Debug|Any CPU
		{8E180855-0047-41F7-8D4A-F8F8654BDC38}.Debug|Any CPU.Build.0 = Debug|Any CPU
		{8E180855-0047-41F7-8D4A-F8F8654BDC38}.Release|Any CPU.ActiveCfg = Release|Any CPU
		{8E180855-0047-41F7-8D4A-F8F8654BDC38}.Release|Any CPU.Build.0 = Release|Any CPU
		{331159E8-4B15-4A42-B0E2-08252DA59E5F}.Debug|Any CPU.ActiveCfg = Debug|Any CPU
		{331159E8-4B15-4A42-B0E2-08252DA59E5F}.Debug|Any CPU.Build.0 = Debug|Any CPU
		{331159E8-4B15-4A42-B0E2-08252DA59E5F}.Release|Any CPU.ActiveCfg = Release|Any CPU
		{331159E8-4B15-4A42-B0E2-08252DA59E5F}.Release|Any CPU.Build.0 = Release|Any CPU
	EndGlobalSection
	GlobalSection(SolutionProperties) = preSolution
		HideSolutionNode = FALSE
	EndGlobalSection
	GlobalSection(NestedProjects) = preSolution
		{9EF36DBB-5778-4D42-A5A1-F072BA9B6579} = {8457ECE5-1285-43BB-8864-83863F65C064}
		{BE4785DE-7387-4E50-8EBF-9F47B88E69A8} = {8457ECE5-1285-43BB-8864-83863F65C064}
		{D0FD1D90-4ACF-4FF8-AB0B-AE379B070A69} = {421E8D73-A1B8-4D9D-9868-045DDF5BBD57}
		{684054EF-5272-44B6-929E-6B72B81DE00F} = {02D01352-BCEB-4764-A39E-965D75FCCE1F}
		{93942F5B-76AF-4E5D-8B34-07217FB4AFBE} = {02D01352-BCEB-4764-A39E-965D75FCCE1F}
		{9E496632-495A-4D09-BD25-BBCE6CAED4A1} = {F297D403-0BD6-4214-90FE-AA3684EBAE0C}
		{8FE20926-13BC-4F6A-9659-FE27AB14D0B0} = {F2319A8C-1966-4A6F-B82C-9F3BAE82E23B}
		{C7F0D749-EE67-4B17-89CA-FF3F9BF61BB1} = {F5084BEE-BEF9-42A1-BD65-B4B9FD5D5434}
		{401639FB-9B9E-4929-BF21-6FBDB4BD5933} = {F5084BEE-BEF9-42A1-BD65-B4B9FD5D5434}
		{BC743722-BD76-4D8C-87A7-997D187270F3} = {F5084BEE-BEF9-42A1-BD65-B4B9FD5D5434}
		{A6CEE9C7-64D9-4E4F-B5C3-B7831167EB85} = {20790A99-6129-4780-96D2-10E9A84B8379}
		{D8E6E8D3-80B0-40A9-BBC4-4A64A2501301} = {21326846-56A8-44A7-98A9-943B9662E57E}
		{F95D2949-5961-4EAD-92C2-510F84D09C7D} = {02D01352-BCEB-4764-A39E-965D75FCCE1F}
		{BFC4950E-178F-4BAB-A16A-B7BFE0A0A303} = {69D6DA5E-7F24-4ED2-B588-0C2A4550DC79}
		{9F12CA08-73F8-417F-BD52-3ED86837EC0C} = {F5084BEE-BEF9-42A1-BD65-B4B9FD5D5434}
		{8E180855-0047-41F7-8D4A-F8F8654BDC38} = {81CDB4B3-5CB1-42CF-9BE6-B209986800B9}
		{331159E8-4B15-4A42-B0E2-08252DA59E5F} = {21326846-56A8-44A7-98A9-943B9662E57E}
	EndGlobalSection
	GlobalSection(ExtensibilityGlobals) = postSolution
		SolutionGuid = {E031215B-9116-4BC0-AA58-A00A8C67440D}
	EndGlobalSection
EndGlobal
