
Microsoft Visual Studio Solution File, Format Version 12.00
# Visual Studio Version 17
VisualStudioVersion = 17.0.31612.314
MinimumVisualStudioVersion = 10.0.40219.1
Project("{FAE04EC0-301F-11D3-BF4B-00C04F79EFBC}") = "Medulla.CSS", "Medulla.CSS\Medulla.CSS.csproj", "{89C56160-977D-42C8-9108-23FEFFCFF8FD}"
EndProject
Project("{FAE04EC0-301F-11D3-BF4B-00C04F79EFBC}") = "Medulla.Frontend", "..\deploy\medulla\Medulla.Frontend\Medulla.Frontend.csproj", "{9E87AA81-4F67-42B3-AF7C-02BF4BB4ED42}"
EndProject
Global
	GlobalSection(SolutionConfigurationPlatforms) = preSolution
		Debug|Any CPU = Debug|Any CPU
		Release|Any CPU = Release|Any CPU
	EndGlobalSection
	GlobalSection(ProjectConfigurationPlatforms) = postSolution
		{89C56160-977D-42C8-9108-23FEFFCFF8FD}.Debug|Any CPU.ActiveCfg = Debug|Any CPU
		{89C56160-977D-42C8-9108-23FEFFCFF8FD}.Debug|Any CPU.Build.0 = Debug|Any CPU
		{89C56160-977D-42C8-9108-23FEFFCFF8FD}.Release|Any CPU.ActiveCfg = Release|Any CPU
		{89C56160-977D-42C8-9108-23FEFFCFF8FD}.Release|Any CPU.Build.0 = Release|Any CPU
		{9E87AA81-4F67-42B3-AF7C-02BF4BB4ED42}.Debug|Any CPU.ActiveCfg = Debug|Any CPU
		{9E87AA81-4F67-42B3-AF7C-02BF4BB4ED42}.Debug|Any CPU.Build.0 = Debug|Any CPU
		{9E87AA81-4F67-42B3-AF7C-02BF4BB4ED42}.Release|Any CPU.ActiveCfg = Release|Any CPU
		{9E87AA81-4F67-42B3-AF7C-02BF4BB4ED42}.Release|Any CPU.Build.0 = Release|Any CPU
	EndGlobalSection
	GlobalSection(SolutionProperties) = preSolution
		HideSolutionNode = FALSE
	EndGlobalSection
	GlobalSection(ExtensibilityGlobals) = postSolution
		SolutionGuid = {34864A2A-6889-4870-8C8C-82A3C4FE1611}
	EndGlobalSection
EndGlobal
